
Microsoft Visual Studio Solution File, Format Version 12.00
# Visual Studio Express 2013 for Web
VisualStudioVersion = 12.0.21005.1
MinimumVisualStudioVersion = 10.0.40219.1
Project("{FAE04EC0-301F-11D3-BF4B-00C04F79EFBC}") = "GreggsList", "GreggsList\GreggsList.csproj", "{98CE7604-EFB4-4640-9784-7037A8F80DA8}"
EndProject
Project("{FAE04EC0-301F-11D3-BF4B-00C04F79EFBC}") = "GreggsListData", "GreggsListData\GreggsListData.csproj", "{BBE03DD4-050D-425D-A02A-C69B7FCF3E42}"
EndProject
Project("{FAE04EC0-301F-11D3-BF4B-00C04F79EFBC}") = "GreggsListData.Models", "GreggsListData.Models\GreggsListData.Models.csproj", "{0F060C0D-98FC-4B9C-A0BD-665C785889CB}"
EndProject
Global
	GlobalSection(SolutionConfigurationPlatforms) = preSolution
		Debug|Any CPU = Debug|Any CPU
		Release|Any CPU = Release|Any CPU
	EndGlobalSection
	GlobalSection(ProjectConfigurationPlatforms) = postSolution
		{98CE7604-EFB4-4640-9784-7037A8F80DA8}.Debug|Any CPU.ActiveCfg = Debug|Any CPU
		{98CE7604-EFB4-4640-9784-7037A8F80DA8}.Debug|Any CPU.Build.0 = Debug|Any CPU
		{98CE7604-EFB4-4640-9784-7037A8F80DA8}.Release|Any CPU.ActiveCfg = Release|Any CPU
		{98CE7604-EFB4-4640-9784-7037A8F80DA8}.Release|Any CPU.Build.0 = Release|Any CPU
		{BBE03DD4-050D-425D-A02A-C69B7FCF3E42}.Debug|Any CPU.ActiveCfg = Debug|Any CPU
		{BBE03DD4-050D-425D-A02A-C69B7FCF3E42}.Debug|Any CPU.Build.0 = Debug|Any CPU
		{BBE03DD4-050D-425D-A02A-C69B7FCF3E42}.Release|Any CPU.ActiveCfg = Release|Any CPU
		{BBE03DD4-050D-425D-A02A-C69B7FCF3E42}.Release|Any CPU.Build.0 = Release|Any CPU
		{0F060C0D-98FC-4B9C-A0BD-665C785889CB}.Debug|Any CPU.ActiveCfg = Debug|Any CPU
		{0F060C0D-98FC-4B9C-A0BD-665C785889CB}.Debug|Any CPU.Build.0 = Debug|Any CPU
		{0F060C0D-98FC-4B9C-A0BD-665C785889CB}.Release|Any CPU.ActiveCfg = Release|Any CPU
		{0F060C0D-98FC-4B9C-A0BD-665C785889CB}.Release|Any CPU.Build.0 = Release|Any CPU
	EndGlobalSection
	GlobalSection(SolutionProperties) = preSolution
		HideSolutionNode = FALSE
	EndGlobalSection
EndGlobal
